<?xml version="1.0" encoding="utf-8"?>
<Project ToolsVersion="4.0" xmlns="http://schemas.microsoft.com/developer/msbuild/2003">
  <ItemGroup>
    <Filter Include="headers">
      <UniqueIdentifier>{93995380-89BD-4b04-88EB-625FBE52EBFB}</UniqueIdentifier>
      <Extensions>h;hh;hpp;hxx;h++;hm;inl;inc;ipp;xsd</Extensions>
    </Filter>
    <Filter Include="source">
      <UniqueIdentifier>{4FC737F1-C7A5-4376-A066-2A32D752A2FF}</UniqueIdentifier>
      <Extensions>cpp;c;cc;cxx;c++;cppm;ixx;def;odl;idl;hpj;bat;asm;asmx</Extensions>
    </Filter>
    <Filter Include="data">
      <UniqueIdentifier>{67DA6AB6-F800-4c08-8B7A-83BB121AAD01}</UniqueIdentifier>
      <Extensions>rc;ico;cur;bmp;dlg;rc2;rct;bin;rgs;gif;jpg;jpeg;jpe;resx;tiff;tif;png;wav;mfcribbon-ms</Extensions>
    </Filter>
    <Filter Include="output">
      <UniqueIdentifier>{a16191d2-ff50-4605-bce4-19c3d6fc4554}</UniqueIdentifier>
    </Filter>
    <Filter Include="data_structure">
      <UniqueIdentifier>{5ba9ed94-2663-4127-9d59-7f68992ab364}</UniqueIdentifier>
    </Filter>
    <Filter Include="include">
      <UniqueIdentifier>{6ab2c361-e3aa-45b4-b09f-9fc51423b754}</UniqueIdentifier>
    </Filter>
    <Filter Include="libraries">
      <UniqueIdentifier>{a9c4038a-7298-47f4-8ba2-40ddfa9c5e3a}</UniqueIdentifier>
    </Filter>
    <Filter Include="graphics_engine">
      <UniqueIdentifier>{ac548979-de86-4c31-bdae-1ab35a08a9ab}</UniqueIdentifier>
    </Filter>
  </ItemGroup>
  <ItemGroup>
    <ClCompile Include="source\main.cpp">
      <Filter>source</Filter>
    </ClCompile>
    <ClCompile Include="data_structure\edge.cpp">
      <Filter>data_structure</Filter>
    </ClCompile>
    <ClCompile Include="data_structure\entity.cpp">
      <Filter>data_structure</Filter>
    </ClCompile>
    <ClCompile Include="data_structure\importer.cpp">
      <Filter>data_structure</Filter>
    </ClCompile>
    <ClCompile Include="data_structure\node.cpp">
      <Filter>data_structure</Filter>
    </ClCompile>
    <ClCompile Include="data_structure\attribute_dictionary.cpp">
      <Filter>data_structure</Filter>
    </ClCompile>
    <ClCompile Include="data_structure\book.cpp">
      <Filter>data_structure</Filter>
    </ClCompile>
    <ClCompile Include="data_structure\collective.cpp">
      <Filter>data_structure</Filter>
    </ClCompile>
    <ClCompile Include="source\glad.c">
      <Filter>source</Filter>
    </ClCompile>
    <ClCompile Include="graphics_engine\graphics_engine.cpp">
      <Filter>graphics_engine</Filter>
    </ClCompile>
  </ItemGroup>
  <ItemGroup>
    <None Include="data\MOCK_DATA (1).csv">
      <Filter>data</Filter>
    </None>
    <None Include="data\MOCK_DATA (2).csv">
      <Filter>data</Filter>
    </None>
    <None Include="data\MOCK_DATA (3).csv">
      <Filter>data</Filter>
    </None>
    <None Include="data\MOCK_EDGES.csv">
      <Filter>data</Filter>
    </None>
    <None Include="data\MOCK_NODES.csv">
      <Filter>data</Filter>
    </None>
  </ItemGroup>
  <ItemGroup>
    <Text Include="output\output_log.txt">
      <Filter>output</Filter>
    </Text>
  </ItemGroup>
  <ItemGroup>
    <ClInclude Include="data_structure\edge.h">
      <Filter>data_structure</Filter>
    </ClInclude>
    <ClInclude Include="data_structure\entity.h">
      <Filter>data_structure</Filter>
    </ClInclude>
    <ClInclude Include="data_structure\graph.h">
      <Filter>data_structure</Filter>
    </ClInclude>
    <ClInclude Include="data_structure\importer.h">
      <Filter>data_structure</Filter>
    </ClInclude>
    <ClInclude Include="data_structure\misc.h">
      <Filter>data_structure</Filter>
    </ClInclude>
    <ClInclude Include="data_structure\node.h">
      <Filter>data_structure</Filter>
    </ClInclude>
    <ClInclude Include="data_structure\attribute.h">
      <Filter>data_structure</Filter>
    </ClInclude>
    <ClInclude Include="data_structure\attribute_dictionary.h">
      <Filter>data_structure</Filter>
    </ClInclude>
    <ClInclude Include="data_structure\book.h">
      <Filter>data_structure</Filter>
    </ClInclude>
    <ClInclude Include="data_structure\collective.h">
      <Filter>data_structure</Filter>
    </ClInclude>
    <ClInclude Include="include\glad\glad.h">
      <Filter>include</Filter>
    </ClInclude>
    <ClInclude Include="include\GLFW\glfw3.h">
      <Filter>include</Filter>
    </ClInclude>
    <ClInclude Include="include\GLFW\glfw3native.h">
      <Filter>include</Filter>
    </ClInclude>
    <ClInclude Include="include\KHR\khrplatform.h">
      <Filter>include</Filter>
    </ClInclude>
    <ClInclude Include="graphics_engine\graphics_engine.h">
      <Filter>graphics_engine</Filter>
    </ClInclude>
    <ClInclude Include="graphics_engine\graphics_engine_data.h">
      <Filter>graphics_engine</Filter>
    </ClInclude>
  </ItemGroup>
</Project>